
Microsoft Visual Studio Solution File, Format Version 12.00
# Visual Studio 2012
Project("{FAE04EC0-301F-11D3-BF4B-00C04F79EFBC}") = "CustomPickerDemo.Portable", "CustomPickerDemo.Portable\CustomPickerDemo.Portable.csproj", "{0011E86A-88FD-49CF-BBAF-BBB236466F4A}"
EndProject
Project("{FAE04EC0-301F-11D3-BF4B-00C04F79EFBC}") = "CustomPickerDemo.Portable.iOS", "iOS\CustomPickerDemo.Portable.iOS.csproj", "{7D4DF972-D614-4501-A82C-C8DD75B6CA8A}"
EndProject
Project("{FAE04EC0-301F-11D3-BF4B-00C04F79EFBC}") = "CustomPickerDemo.Portable.Droid", "Droid\CustomPickerDemo.Portable.Droid.csproj", "{D68F96C1-3CEE-4A38-B482-7915BD5E098B}"
EndProject
Global
	GlobalSection(SolutionConfigurationPlatforms) = preSolution
		Debug|Any CPU = Debug|Any CPU
		Release|Any CPU = Release|Any CPU
		Debug|iPhoneSimulator = Debug|iPhoneSimulator
		Release|iPhone = Release|iPhone
		Release|iPhoneSimulator = Release|iPhoneSimulator
		Debug|iPhone = Debug|iPhone
	EndGlobalSection
	GlobalSection(ProjectConfigurationPlatforms) = postSolution
		{0011E86A-88FD-49CF-BBAF-BBB236466F4A}.Debug|Any CPU.ActiveCfg = Debug|Any CPU
		{0011E86A-88FD-49CF-BBAF-BBB236466F4A}.Debug|Any CPU.Build.0 = Debug|Any CPU
		{0011E86A-88FD-49CF-BBAF-BBB236466F4A}.Release|Any CPU.ActiveCfg = Release|Any CPU
		{0011E86A-88FD-49CF-BBAF-BBB236466F4A}.Release|Any CPU.Build.0 = Release|Any CPU
		{0011E86A-88FD-49CF-BBAF-BBB236466F4A}.Debug|iPhoneSimulator.ActiveCfg = Debug|Any CPU
		{0011E86A-88FD-49CF-BBAF-BBB236466F4A}.Debug|iPhoneSimulator.Build.0 = Debug|Any CPU
		{0011E86A-88FD-49CF-BBAF-BBB236466F4A}.Release|iPhone.ActiveCfg = Release|Any CPU
		{0011E86A-88FD-49CF-BBAF-BBB236466F4A}.Release|iPhone.Build.0 = Release|Any CPU
		{0011E86A-88FD-49CF-BBAF-BBB236466F4A}.Release|iPhoneSimulator.ActiveCfg = Release|Any CPU
		{0011E86A-88FD-49CF-BBAF-BBB236466F4A}.Release|iPhoneSimulator.Build.0 = Release|Any CPU
		{0011E86A-88FD-49CF-BBAF-BBB236466F4A}.Debug|iPhone.ActiveCfg = Debug|Any CPU
		{0011E86A-88FD-49CF-BBAF-BBB236466F4A}.Debug|iPhone.Build.0 = Debug|Any CPU
		{7D4DF972-D614-4501-A82C-C8DD75B6CA8A}.Debug|Any CPU.ActiveCfg = Debug|iPhoneSimulator
		{7D4DF972-D614-4501-A82C-C8DD75B6CA8A}.Debug|Any CPU.Build.0 = Debug|iPhoneSimulator
		{7D4DF972-D614-4501-A82C-C8DD75B6CA8A}.Release|Any CPU.ActiveCfg = Debug|iPhoneSimulator
		{7D4DF972-D614-4501-A82C-C8DD75B6CA8A}.Release|Any CPU.Build.0 = Debug|iPhoneSimulator
		{7D4DF972-D614-4501-A82C-C8DD75B6CA8A}.Debug|iPhoneSimulator.ActiveCfg = Debug|iPhoneSimulator
		{7D4DF972-D614-4501-A82C-C8DD75B6CA8A}.Debug|iPhoneSimulator.Build.0 = Debug|iPhoneSimulator
		{7D4DF972-D614-4501-A82C-C8DD75B6CA8A}.Release|iPhone.ActiveCfg = Release|iPhone
		{7D4DF972-D614-4501-A82C-C8DD75B6CA8A}.Release|iPhone.Build.0 = Release|iPhone
		{7D4DF972-D614-4501-A82C-C8DD75B6CA8A}.Release|iPhoneSimulator.ActiveCfg = Release|iPhoneSimulator
		{7D4DF972-D614-4501-A82C-C8DD75B6CA8A}.Release|iPhoneSimulator.Build.0 = Release|iPhoneSimulator
		{7D4DF972-D614-4501-A82C-C8DD75B6CA8A}.Debug|iPhone.ActiveCfg = Debug|iPhone
		{7D4DF972-D614-4501-A82C-C8DD75B6CA8A}.Debug|iPhone.Build.0 = Debug|iPhone
		{D68F96C1-3CEE-4A38-B482-7915BD5E098B}.Debug|Any CPU.ActiveCfg = Debug|Any CPU
		{D68F96C1-3CEE-4A38-B482-7915BD5E098B}.Debug|Any CPU.Build.0 = Debug|Any CPU
		{D68F96C1-3CEE-4A38-B482-7915BD5E098B}.Release|Any CPU.ActiveCfg = Release|Any CPU
		{D68F96C1-3CEE-4A38-B482-7915BD5E098B}.Release|Any CPU.Build.0 = Release|Any CPU
		{D68F96C1-3CEE-4A38-B482-7915BD5E098B}.Debug|iPhoneSimulator.ActiveCfg = Debug|Any CPU
		{D68F96C1-3CEE-4A38-B482-7915BD5E098B}.Debug|iPhoneSimulator.Build.0 = Debug|Any CPU
		{D68F96C1-3CEE-4A38-B482-7915BD5E098B}.Release|iPhone.ActiveCfg = Release|Any CPU
		{D68F96C1-3CEE-4A38-B482-7915BD5E098B}.Release|iPhone.Build.0 = Release|Any CPU
		{D68F96C1-3CEE-4A38-B482-7915BD5E098B}.Release|iPhoneSimulator.ActiveCfg = Release|Any CPU
		{D68F96C1-3CEE-4A38-B482-7915BD5E098B}.Release|iPhoneSimulator.Build.0 = Release|Any CPU
		{D68F96C1-3CEE-4A38-B482-7915BD5E098B}.Debug|iPhone.ActiveCfg = Debug|Any CPU
		{D68F96C1-3CEE-4A38-B482-7915BD5E098B}.Debug|iPhone.Build.0 = Debug|Any CPU
	EndGlobalSection
EndGlobal
